
Microsoft Visual Studio Solution File, Format Version 12.00
# Visual Studio 15
VisualStudioVersion = 15.0.28307.1145
MinimumVisualStudioVersion = 10.0.40219.1
Project("{FAE04EC0-301F-11D3-BF4B-00C04F79EFBC}") = "ServerForGame", "ServerForGame\ServerForGame.csproj", "{72AA8CA2-0ED4-4FC2-AAEA-95C27B2AD7CD}"
EndProject
Global
	GlobalSection(SolutionConfigurationPlatforms) = preSolution
		Debug|Any CPU = Debug|Any CPU
		Release|Any CPU = Release|Any CPU
	EndGlobalSection
	GlobalSection(ProjectConfigurationPlatforms) = postSolution
		{72AA8CA2-0ED4-4FC2-AAEA-95C27B2AD7CD}.Debug|Any CPU.ActiveCfg = Debug|Any CPU
		{72AA8CA2-0ED4-4FC2-AAEA-95C27B2AD7CD}.Debug|Any CPU.Build.0 = Debug|Any CPU
		{72AA8CA2-0ED4-4FC2-AAEA-95C27B2AD7CD}.Release|Any CPU.ActiveCfg = Release|Any CPU
		{72AA8CA2-0ED4-4FC2-AAEA-95C27B2AD7CD}.Release|Any CPU.Build.0 = Release|Any CPU
	EndGlobalSection
	GlobalSection(SolutionProperties) = preSolution
		HideSolutionNode = FALSE
	EndGlobalSection
	GlobalSection(ExtensibilityGlobals) = postSolution
		SolutionGuid = {83BFF7C4-EE3D-44C2-A73B-8525B213CF4A}
	EndGlobalSection
EndGlobal
